// !$*UTF8*$!
{
	archiveVersion = 1;
	classes = {
	};
	objectVersion = 56;
	objects = {

/* Begin PBXBuildFile section */
		2B9B8E78290877FD178C4F77 /* Pods_EDYOU.framework in Frameworks */ = {isa = PBXBuildFile; fileRef = B2D9B2EBC24AC7E2C55D2C5F /* Pods_EDYOU.framework */; };
		59280EA32B9F310A009B7721 /* LoginController.swift in Sources */ = {isa = PBXBuildFile; fileRef = 59280EA12B9F3109009B7721 /* LoginController.swift */; };
		59280EA42B9F310A009B7721 /* LoginController.xib in Resources */ = {isa = PBXBuildFile; fileRef = 59280EA22B9F310A009B7721 /* LoginController.xib */; };
		59280EA72B9F3178009B7721 /* BaseController.swift in Sources */ = {isa = PBXBuildFile; fileRef = 59280EA62B9F3178009B7721 /* BaseController.swift */; };
		59280EB42BA16B29009B7721 /* EdyouSegmentControl.swift in Sources */ = {isa = PBXBuildFile; fileRef = 59280EA92BA16B29009B7721 /* EdyouSegmentControl.swift */; };
		59280EB52BA16B29009B7721 /* CircularProgressView.swift in Sources */ = {isa = PBXBuildFile; fileRef = 59280EAA2BA16B29009B7721 /* CircularProgressView.swift */; };
		59280EB62BA16B29009B7721 /* BorderedTextField.swift in Sources */ = {isa = PBXBuildFile; fileRef = 59280EAC2BA16B29009B7721 /* BorderedTextField.swift */; };
		59280EB72BA16B29009B7721 /* PinCodeTextField.swift in Sources */ = {isa = PBXBuildFile; fileRef = 59280EAE2BA16B29009B7721 /* PinCodeTextField.swift */; };
		59280EB82BA16B29009B7721 /* PinCodeTextField.xib in Resources */ = {isa = PBXBuildFile; fileRef = 59280EAF2BA16B29009B7721 /* PinCodeTextField.xib */; };
		59280EB92BA16B29009B7721 /* BorderedTextField.xib in Resources */ = {isa = PBXBuildFile; fileRef = 59280EB02BA16B29009B7721 /* BorderedTextField.xib */; };
		59280EBA2BA16B29009B7721 /* GradientView.swift in Sources */ = {isa = PBXBuildFile; fileRef = 59280EB22BA16B29009B7721 /* GradientView.swift */; };
		59280EBB2BA16B29009B7721 /* VariableCornerRadiusView.swift in Sources */ = {isa = PBXBuildFile; fileRef = 59280EB32BA16B29009B7721 /* VariableCornerRadiusView.swift */; };
		59280EC52BA170D3009B7721 /* ViewExtns.swift in Sources */ = {isa = PBXBuildFile; fileRef = 59280EBD2BA170D3009B7721 /* ViewExtns.swift */; };
		59280EC62BA170D3009B7721 /* StringExnts.swift in Sources */ = {isa = PBXBuildFile; fileRef = 59280EBE2BA170D3009B7721 /* StringExnts.swift */; };
		59280EC72BA170D3009B7721 /* ViewControllerExtns.swift in Sources */ = {isa = PBXBuildFile; fileRef = 59280EBF2BA170D3009B7721 /* ViewControllerExtns.swift */; };
		59280EC82BA170D3009B7721 /* ColorExnts.swift in Sources */ = {isa = PBXBuildFile; fileRef = 59280EC02BA170D3009B7721 /* ColorExnts.swift */; };
		59280EC92BA170D3009B7721 /* CodableExtension.swift in Sources */ = {isa = PBXBuildFile; fileRef = 59280EC12BA170D3009B7721 /* CodableExtension.swift */; };
		59280ECA2BA170D3009B7721 /* UIlabel.swift in Sources */ = {isa = PBXBuildFile; fileRef = 59280EC22BA170D3009B7721 /* UIlabel.swift */; };
		59280ECB2BA170D3009B7721 /* URLExtns.swift in Sources */ = {isa = PBXBuildFile; fileRef = 59280EC32BA170D3009B7721 /* URLExtns.swift */; };
		59280ECC2BA170D3009B7721 /* NSDictionaryExt.swift in Sources */ = {isa = PBXBuildFile; fileRef = 59280EC42BA170D3009B7721 /* NSDictionaryExt.swift */; };
		59280ECF2BA1715D009B7721 /* Validations.swift in Sources */ = {isa = PBXBuildFile; fileRef = 59280ECE2BA1715D009B7721 /* Validations.swift */; };
		59280ED12BA1864E009B7721 /* LoginRouter.swift in Sources */ = {isa = PBXBuildFile; fileRef = 59280ED02BA1864E009B7721 /* LoginRouter.swift */; };
		59280ED32BA186A8009B7721 /* LoginInteractor.swift in Sources */ = {isa = PBXBuildFile; fileRef = 59280ED22BA186A8009B7721 /* LoginInteractor.swift */; };
		59280ED52BA1872C009B7721 /* LoginPresenter.swift in Sources */ = {isa = PBXBuildFile; fileRef = 59280ED42BA1872C009B7721 /* LoginPresenter.swift */; };
		59280EDE2BA193B1009B7721 /* OnboardingViewController.swift in Sources */ = {isa = PBXBuildFile; fileRef = 59280EDC2BA193B0009B7721 /* OnboardingViewController.swift */; };
		59280EDF2BA193B1009B7721 /* OnboardingViewController.xib in Resources */ = {isa = PBXBuildFile; fileRef = 59280EDD2BA193B1009B7721 /* OnboardingViewController.xib */; };
		59280EE12BA1962E009B7721 /* OnboardingRouter.swift in Sources */ = {isa = PBXBuildFile; fileRef = 59280EE02BA1962E009B7721 /* OnboardingRouter.swift */; };
		59280EE32BA19642009B7721 /* onBoardingPresenter.swift in Sources */ = {isa = PBXBuildFile; fileRef = 59280EE22BA19642009B7721 /* onBoardingPresenter.swift */; };
		59280EE52BA19652009B7721 /* onBoardingInteractor.swift in Sources */ = {isa = PBXBuildFile; fileRef = 59280EE42BA19652009B7721 /* onBoardingInteractor.swift */; };
		59A8C1192B9B3A5F009DAEBF /* AppDelegate.swift in Sources */ = {isa = PBXBuildFile; fileRef = 59A8C1182B9B3A5F009DAEBF /* AppDelegate.swift */; };
		59A8C1202B9B3A5F009DAEBF /* Main.storyboard in Resources */ = {isa = PBXBuildFile; fileRef = 59A8C11E2B9B3A5F009DAEBF /* Main.storyboard */; };
		59A8C1222B9B3A60009DAEBF /* Assets.xcassets in Resources */ = {isa = PBXBuildFile; fileRef = 59A8C1212B9B3A60009DAEBF /* Assets.xcassets */; };
		59A8C1252B9B3A60009DAEBF /* LaunchScreen.storyboard in Resources */ = {isa = PBXBuildFile; fileRef = 59A8C1232B9B3A60009DAEBF /* LaunchScreen.storyboard */; };
/* End PBXBuildFile section */

/* Begin PBXFileReference section */
		59280EA12B9F3109009B7721 /* LoginController.swift */ = {isa = PBXFileReference; fileEncoding = 4; lastKnownFileType = sourcecode.swift; path = LoginController.swift; sourceTree = "<group>"; };
		59280EA22B9F310A009B7721 /* LoginController.xib */ = {isa = PBXFileReference; fileEncoding = 4; lastKnownFileType = file.xib; path = LoginController.xib; sourceTree = "<group>"; };
		59280EA62B9F3178009B7721 /* BaseController.swift */ = {isa = PBXFileReference; lastKnownFileType = sourcecode.swift; path = BaseController.swift; sourceTree = "<group>"; };
		59280EA92BA16B29009B7721 /* EdyouSegmentControl.swift */ = {isa = PBXFileReference; fileEncoding = 4; lastKnownFileType = sourcecode.swift; path = EdyouSegmentControl.swift; sourceTree = "<group>"; };
		59280EAA2BA16B29009B7721 /* CircularProgressView.swift */ = {isa = PBXFileReference; fileEncoding = 4; lastKnownFileType = sourcecode.swift; path = CircularProgressView.swift; sourceTree = "<group>"; };
		59280EAC2BA16B29009B7721 /* BorderedTextField.swift */ = {isa = PBXFileReference; fileEncoding = 4; lastKnownFileType = sourcecode.swift; path = BorderedTextField.swift; sourceTree = "<group>"; };
		59280EAE2BA16B29009B7721 /* PinCodeTextField.swift */ = {isa = PBXFileReference; fileEncoding = 4; lastKnownFileType = sourcecode.swift; path = PinCodeTextField.swift; sourceTree = "<group>"; };
		59280EAF2BA16B29009B7721 /* PinCodeTextField.xib */ = {isa = PBXFileReference; fileEncoding = 4; lastKnownFileType = file.xib; path = PinCodeTextField.xib; sourceTree = "<group>"; };
		59280EB02BA16B29009B7721 /* BorderedTextField.xib */ = {isa = PBXFileReference; fileEncoding = 4; lastKnownFileType = file.xib; path = BorderedTextField.xib; sourceTree = "<group>"; };
		59280EB22BA16B29009B7721 /* GradientView.swift */ = {isa = PBXFileReference; fileEncoding = 4; lastKnownFileType = sourcecode.swift; path = GradientView.swift; sourceTree = "<group>"; };
		59280EB32BA16B29009B7721 /* VariableCornerRadiusView.swift */ = {isa = PBXFileReference; fileEncoding = 4; lastKnownFileType = sourcecode.swift; path = VariableCornerRadiusView.swift; sourceTree = "<group>"; };
		59280EBD2BA170D3009B7721 /* ViewExtns.swift */ = {isa = PBXFileReference; fileEncoding = 4; lastKnownFileType = sourcecode.swift; path = ViewExtns.swift; sourceTree = "<group>"; };
		59280EBE2BA170D3009B7721 /* StringExnts.swift */ = {isa = PBXFileReference; fileEncoding = 4; lastKnownFileType = sourcecode.swift; path = StringExnts.swift; sourceTree = "<group>"; };
		59280EBF2BA170D3009B7721 /* ViewControllerExtns.swift */ = {isa = PBXFileReference; fileEncoding = 4; lastKnownFileType = sourcecode.swift; path = ViewControllerExtns.swift; sourceTree = "<group>"; };
		59280EC02BA170D3009B7721 /* ColorExnts.swift */ = {isa = PBXFileReference; fileEncoding = 4; lastKnownFileType = sourcecode.swift; path = ColorExnts.swift; sourceTree = "<group>"; };
		59280EC12BA170D3009B7721 /* CodableExtension.swift */ = {isa = PBXFileReference; fileEncoding = 4; lastKnownFileType = sourcecode.swift; path = CodableExtension.swift; sourceTree = "<group>"; };
		59280EC22BA170D3009B7721 /* UIlabel.swift */ = {isa = PBXFileReference; fileEncoding = 4; lastKnownFileType = sourcecode.swift; path = UIlabel.swift; sourceTree = "<group>"; };
		59280EC32BA170D3009B7721 /* URLExtns.swift */ = {isa = PBXFileReference; fileEncoding = 4; lastKnownFileType = sourcecode.swift; path = URLExtns.swift; sourceTree = "<group>"; };
		59280EC42BA170D3009B7721 /* NSDictionaryExt.swift */ = {isa = PBXFileReference; fileEncoding = 4; lastKnownFileType = sourcecode.swift; path = NSDictionaryExt.swift; sourceTree = "<group>"; };
		59280ECE2BA1715D009B7721 /* Validations.swift */ = {isa = PBXFileReference; fileEncoding = 4; lastKnownFileType = sourcecode.swift; path = Validations.swift; sourceTree = "<group>"; };
		59280ED02BA1864E009B7721 /* LoginRouter.swift */ = {isa = PBXFileReference; lastKnownFileType = sourcecode.swift; path = LoginRouter.swift; sourceTree = "<group>"; };
		59280ED22BA186A8009B7721 /* LoginInteractor.swift */ = {isa = PBXFileReference; lastKnownFileType = sourcecode.swift; path = LoginInteractor.swift; sourceTree = "<group>"; };
		59280ED42BA1872C009B7721 /* LoginPresenter.swift */ = {isa = PBXFileReference; lastKnownFileType = sourcecode.swift; path = LoginPresenter.swift; sourceTree = "<group>"; };
		59280EDC2BA193B0009B7721 /* OnboardingViewController.swift */ = {isa = PBXFileReference; fileEncoding = 4; lastKnownFileType = sourcecode.swift; path = OnboardingViewController.swift; sourceTree = "<group>"; };
		59280EDD2BA193B1009B7721 /* OnboardingViewController.xib */ = {isa = PBXFileReference; fileEncoding = 4; lastKnownFileType = file.xib; path = OnboardingViewController.xib; sourceTree = "<group>"; };
		59280EE02BA1962E009B7721 /* OnboardingRouter.swift */ = {isa = PBXFileReference; lastKnownFileType = sourcecode.swift; path = OnboardingRouter.swift; sourceTree = "<group>"; };
		59280EE22BA19642009B7721 /* onBoardingPresenter.swift */ = {isa = PBXFileReference; lastKnownFileType = sourcecode.swift; path = onBoardingPresenter.swift; sourceTree = "<group>"; };
		59280EE42BA19652009B7721 /* onBoardingInteractor.swift */ = {isa = PBXFileReference; lastKnownFileType = sourcecode.swift; path = onBoardingInteractor.swift; sourceTree = "<group>"; };
		59A8C1152B9B3A5F009DAEBF /* EDYOU.app */ = {isa = PBXFileReference; explicitFileType = wrapper.application; includeInIndex = 0; path = EDYOU.app; sourceTree = BUILT_PRODUCTS_DIR; };
		59A8C1182B9B3A5F009DAEBF /* AppDelegate.swift */ = {isa = PBXFileReference; lastKnownFileType = sourcecode.swift; path = AppDelegate.swift; sourceTree = "<group>"; };
		59A8C11F2B9B3A5F009DAEBF /* Base */ = {isa = PBXFileReference; lastKnownFileType = file.storyboard; name = Base; path = Base.lproj/Main.storyboard; sourceTree = "<group>"; };
		59A8C1212B9B3A60009DAEBF /* Assets.xcassets */ = {isa = PBXFileReference; lastKnownFileType = folder.assetcatalog; path = Assets.xcassets; sourceTree = "<group>"; };
		59A8C1242B9B3A60009DAEBF /* Base */ = {isa = PBXFileReference; lastKnownFileType = file.storyboard; name = Base; path = Base.lproj/LaunchScreen.storyboard; sourceTree = "<group>"; };
		59A8C1262B9B3A60009DAEBF /* Info.plist */ = {isa = PBXFileReference; lastKnownFileType = text.plist.xml; path = Info.plist; sourceTree = "<group>"; };
		B0900FEB27ECF7216C75C578 /* Pods-EDYOU.debug.xcconfig */ = {isa = PBXFileReference; includeInIndex = 1; lastKnownFileType = text.xcconfig; name = "Pods-EDYOU.debug.xcconfig"; path = "Target Support Files/Pods-EDYOU/Pods-EDYOU.debug.xcconfig"; sourceTree = "<group>"; };
		B2D9B2EBC24AC7E2C55D2C5F /* Pods_EDYOU.framework */ = {isa = PBXFileReference; explicitFileType = wrapper.framework; includeInIndex = 0; path = Pods_EDYOU.framework; sourceTree = BUILT_PRODUCTS_DIR; };
		C30C9CF05E0B8AAA9CC2F64C /* Pods-EDYOU.release.xcconfig */ = {isa = PBXFileReference; includeInIndex = 1; lastKnownFileType = text.xcconfig; name = "Pods-EDYOU.release.xcconfig"; path = "Target Support Files/Pods-EDYOU/Pods-EDYOU.release.xcconfig"; sourceTree = "<group>"; };
/* End PBXFileReference section */

/* Begin PBXFrameworksBuildPhase section */
		59A8C1122B9B3A5F009DAEBF /* Frameworks */ = {
			isa = PBXFrameworksBuildPhase;
			buildActionMask = 2147483647;
			files = (
				2B9B8E78290877FD178C4F77 /* Pods_EDYOU.framework in Frameworks */,
			);
			runOnlyForDeploymentPostprocessing = 0;
		};
/* End PBXFrameworksBuildPhase section */

/* Begin PBXGroup section */
		59280E9A2B9F11F5009B7721 /* Models */ = {
			isa = PBXGroup;
			children = (
				59280ED62BA19357009B7721 /* OnBoarding */,
				59280E9B2B9F2FC6009B7721 /* Login */,
			);
			path = Models;
			sourceTree = "<group>";
		};
		59280E9B2B9F2FC6009B7721 /* Login */ = {
			isa = PBXGroup;
			children = (
				59280EA02B9F300D009B7721 /* Router */,
				59280E9F2B9F2FF5009B7721 /* Entity */,
				59280E9E2B9F2FE3009B7721 /* Presenter */,
				59280E9D2B9F2FD7009B7721 /* Interactor */,
				59280E9C2B9F2FD0009B7721 /* View */,
			);
			path = Login;
			sourceTree = "<group>";
		};
		59280E9C2B9F2FD0009B7721 /* View */ = {
			isa = PBXGroup;
			children = (
				59280EA12B9F3109009B7721 /* LoginController.swift */,
				59280EA22B9F310A009B7721 /* LoginController.xib */,
			);
			path = View;
			sourceTree = "<group>";
		};
		59280E9D2B9F2FD7009B7721 /* Interactor */ = {
			isa = PBXGroup;
			children = (
				59280ED22BA186A8009B7721 /* LoginInteractor.swift */,
			);
			path = Interactor;
			sourceTree = "<group>";
		};
		59280E9E2B9F2FE3009B7721 /* Presenter */ = {
			isa = PBXGroup;
			children = (
				59280ED42BA1872C009B7721 /* LoginPresenter.swift */,
			);
			path = Presenter;
			sourceTree = "<group>";
		};
		59280E9F2B9F2FF5009B7721 /* Entity */ = {
			isa = PBXGroup;
			children = (
			);
			path = Entity;
			sourceTree = "<group>";
		};
		59280EA02B9F300D009B7721 /* Router */ = {
			isa = PBXGroup;
			children = (
				59280ED02BA1864E009B7721 /* LoginRouter.swift */,
			);
			path = Router;
			sourceTree = "<group>";
		};
		59280EA52B9F3169009B7721 /* Controller */ = {
			isa = PBXGroup;
			children = (
				59280EA62B9F3178009B7721 /* BaseController.swift */,
			);
			path = Controller;
			sourceTree = "<group>";
		};
		59280EA82BA16B29009B7721 /* Views */ = {
			isa = PBXGroup;
			children = (
				59280EA92BA16B29009B7721 /* EdyouSegmentControl.swift */,
				59280EAA2BA16B29009B7721 /* CircularProgressView.swift */,
				59280EAB2BA16B29009B7721 /* TextField */,
				59280EB12BA16B29009B7721 /* Gradient View */,
				59280EB32BA16B29009B7721 /* VariableCornerRadiusView.swift */,
			);
			path = Views;
			sourceTree = "<group>";
		};
		59280EAB2BA16B29009B7721 /* TextField */ = {
			isa = PBXGroup;
			children = (
				59280EAC2BA16B29009B7721 /* BorderedTextField.swift */,
				59280EAD2BA16B29009B7721 /* PinCode TextField */,
				59280EB02BA16B29009B7721 /* BorderedTextField.xib */,
			);
			path = TextField;
			sourceTree = "<group>";
		};
		59280EAD2BA16B29009B7721 /* PinCode TextField */ = {
			isa = PBXGroup;
			children = (
				59280EAE2BA16B29009B7721 /* PinCodeTextField.swift */,
				59280EAF2BA16B29009B7721 /* PinCodeTextField.xib */,
			);
			path = "PinCode TextField";
			sourceTree = "<group>";
		};
		59280EB12BA16B29009B7721 /* Gradient View */ = {
			isa = PBXGroup;
			children = (
				59280EB22BA16B29009B7721 /* GradientView.swift */,
			);
			path = "Gradient View";
			sourceTree = "<group>";
		};
		59280EBC2BA170D3009B7721 /* Extensions */ = {
			isa = PBXGroup;
			children = (
				59280EBD2BA170D3009B7721 /* ViewExtns.swift */,
				59280EBE2BA170D3009B7721 /* StringExnts.swift */,
				59280EBF2BA170D3009B7721 /* ViewControllerExtns.swift */,
				59280EC02BA170D3009B7721 /* ColorExnts.swift */,
				59280EC12BA170D3009B7721 /* CodableExtension.swift */,
				59280EC22BA170D3009B7721 /* UIlabel.swift */,
				59280EC32BA170D3009B7721 /* URLExtns.swift */,
				59280EC42BA170D3009B7721 /* NSDictionaryExt.swift */,
			);
			path = Extensions;
			sourceTree = "<group>";
		};
		59280ECD2BA1715D009B7721 /* Validations */ = {
			isa = PBXGroup;
			children = (
				59280ECE2BA1715D009B7721 /* Validations.swift */,
			);
			path = Validations;
			sourceTree = "<group>";
		};
		59280ED62BA19357009B7721 /* OnBoarding */ = {
			isa = PBXGroup;
			children = (
				59280EDB2BA19391009B7721 /* View */,
				59280EDA2BA19387009B7721 /* Interactor */,
				59280ED92BA1937D009B7721 /* Presenter */,
				59280ED82BA19376009B7721 /* Entity */,
				59280ED72BA19368009B7721 /* Router */,
			);
			path = OnBoarding;
			sourceTree = "<group>";
		};
		59280ED72BA19368009B7721 /* Router */ = {
			isa = PBXGroup;
			children = (
				59280EE02BA1962E009B7721 /* OnboardingRouter.swift */,
			);
			path = Router;
			sourceTree = "<group>";
		};
		59280ED82BA19376009B7721 /* Entity */ = {
			isa = PBXGroup;
			children = (
			);
			path = Entity;
			sourceTree = "<group>";
		};
		59280ED92BA1937D009B7721 /* Presenter */ = {
			isa = PBXGroup;
			children = (
				59280EE22BA19642009B7721 /* onBoardingPresenter.swift */,
			);
			path = Presenter;
			sourceTree = "<group>";
		};
		59280EDA2BA19387009B7721 /* Interactor */ = {
			isa = PBXGroup;
			children = (
				59280EE42BA19652009B7721 /* onBoardingInteractor.swift */,
			);
			path = Interactor;
			sourceTree = "<group>";
		};
		59280EDB2BA19391009B7721 /* View */ = {
			isa = PBXGroup;
			children = (
				59280EDC2BA193B0009B7721 /* OnboardingViewController.swift */,
				59280EDD2BA193B1009B7721 /* OnboardingViewController.xib */,
			);
			path = View;
			sourceTree = "<group>";
		};
		59A8C10C2B9B3A5F009DAEBF = {
			isa = PBXGroup;
			children = (
				59A8C1172B9B3A5F009DAEBF /* EDYOU */,
				59A8C1162B9B3A5F009DAEBF /* Products */,
				B395E25321AEDAAD7308CEAB /* Pods */,
				C8441C26CE9D6ECD6BA6FF34 /* Frameworks */,
			);
			sourceTree = "<group>";
		};
		59A8C1162B9B3A5F009DAEBF /* Products */ = {
			isa = PBXGroup;
			children = (
				59A8C1152B9B3A5F009DAEBF /* EDYOU.app */,
			);
			name = Products;
			sourceTree = "<group>";
		};
		59A8C1172B9B3A5F009DAEBF /* EDYOU */ = {
			isa = PBXGroup;
			children = (
				59280E9A2B9F11F5009B7721 /* Models */,
				59A8C12D2B9B3D1A009DAEBF /* SupportingFiles */,
				59A8C12C2B9B3D03009DAEBF /* Application */,
				59A8C11E2B9B3A5F009DAEBF /* Main.storyboard */,
			);
			path = EDYOU;
			sourceTree = "<group>";
		};
		59A8C12C2B9B3D03009DAEBF /* Application */ = {
			isa = PBXGroup;
			children = (
				59A8C1182B9B3A5F009DAEBF /* AppDelegate.swift */,
			);
			path = Application;
			sourceTree = "<group>";
		};
		59A8C12D2B9B3D1A009DAEBF /* SupportingFiles */ = {
			isa = PBXGroup;
			children = (
				59280ECD2BA1715D009B7721 /* Validations */,
				59280EBC2BA170D3009B7721 /* Extensions */,
				59280EA82BA16B29009B7721 /* Views */,
				59280EA52B9F3169009B7721 /* Controller */,
				59A8C1232B9B3A60009DAEBF /* LaunchScreen.storyboard */,
				59A8C1212B9B3A60009DAEBF /* Assets.xcassets */,
				59A8C1262B9B3A60009DAEBF /* Info.plist */,
			);
			path = SupportingFiles;
			sourceTree = "<group>";
		};
		B395E25321AEDAAD7308CEAB /* Pods */ = {
			isa = PBXGroup;
			children = (
				B0900FEB27ECF7216C75C578 /* Pods-EDYOU.debug.xcconfig */,
				C30C9CF05E0B8AAA9CC2F64C /* Pods-EDYOU.release.xcconfig */,
			);
			path = Pods;
			sourceTree = "<group>";
		};
		C8441C26CE9D6ECD6BA6FF34 /* Frameworks */ = {
			isa = PBXGroup;
			children = (
				B2D9B2EBC24AC7E2C55D2C5F /* Pods_EDYOU.framework */,
			);
			name = Frameworks;
			sourceTree = "<group>";
		};
/* End PBXGroup section */

/* Begin PBXNativeTarget section */
		59A8C1142B9B3A5F009DAEBF /* EDYOU */ = {
			isa = PBXNativeTarget;
			buildConfigurationList = 59A8C1292B9B3A60009DAEBF /* Build configuration list for PBXNativeTarget "EDYOU" */;
			buildPhases = (
				6BA67584E0FF63EF34BCF4F8 /* [CP] Check Pods Manifest.lock */,
				59A8C1112B9B3A5F009DAEBF /* Sources */,
				59A8C1122B9B3A5F009DAEBF /* Frameworks */,
				59A8C1132B9B3A5F009DAEBF /* Resources */,
				B773561CEE5675D2CC7F6DAC /* [CP] Embed Pods Frameworks */,
				C71A19047BAE379C5E65791F /* [CP] Copy Pods Resources */,
			);
			buildRules = (
			);
			dependencies = (
			);
			name = EDYOU;
			productName = EDYOU;
			productReference = 59A8C1152B9B3A5F009DAEBF /* EDYOU.app */;
			productType = "com.apple.product-type.application";
		};
/* End PBXNativeTarget section */

/* Begin PBXProject section */
		59A8C10D2B9B3A5F009DAEBF /* Project object */ = {
			isa = PBXProject;
			attributes = {
				BuildIndependentTargetsInParallel = 1;
				LastSwiftUpdateCheck = 1430;
				LastUpgradeCheck = 1430;
				TargetAttributes = {
					59A8C1142B9B3A5F009DAEBF = {
						CreatedOnToolsVersion = 14.3.1;
					};
				};
			};
			buildConfigurationList = 59A8C1102B9B3A5F009DAEBF /* Build configuration list for PBXProject "EDYOU" */;
			compatibilityVersion = "Xcode 14.0";
			developmentRegion = en;
			hasScannedForEncodings = 0;
			knownRegions = (
				en,
				Base,
			);
			mainGroup = 59A8C10C2B9B3A5F009DAEBF;
			productRefGroup = 59A8C1162B9B3A5F009DAEBF /* Products */;
			projectDirPath = "";
			projectRoot = "";
			targets = (
				59A8C1142B9B3A5F009DAEBF /* EDYOU */,
			);
		};
/* End PBXProject section */

/* Begin PBXResourcesBuildPhase section */
		59A8C1132B9B3A5F009DAEBF /* Resources */ = {
			isa = PBXResourcesBuildPhase;
			buildActionMask = 2147483647;
			files = (
				59A8C1252B9B3A60009DAEBF /* LaunchScreen.storyboard in Resources */,
				59280EA42B9F310A009B7721 /* LoginController.xib in Resources */,
				59A8C1222B9B3A60009DAEBF /* Assets.xcassets in Resources */,
				59280EDF2BA193B1009B7721 /* OnboardingViewController.xib in Resources */,
				59280EB82BA16B29009B7721 /* PinCodeTextField.xib in Resources */,
				59280EB92BA16B29009B7721 /* BorderedTextField.xib in Resources */,
				59A8C1202B9B3A5F009DAEBF /* Main.storyboard in Resources */,
			);
			runOnlyForDeploymentPostprocessing = 0;
		};
/* End PBXResourcesBuildPhase section */

/* Begin PBXShellScriptBuildPhase section */
		6BA67584E0FF63EF34BCF4F8 /* [CP] Check Pods Manifest.lock */ = {
			isa = PBXShellScriptBuildPhase;
			buildActionMask = 2147483647;
			files = (
			);
			inputFileListPaths = (
			);
			inputPaths = (
				"${PODS_PODFILE_DIR_PATH}/Podfile.lock",
				"${PODS_ROOT}/Manifest.lock",
			);
			name = "[CP] Check Pods Manifest.lock";
			outputFileListPaths = (
			);
			outputPaths = (
				"$(DERIVED_FILE_DIR)/Pods-EDYOU-checkManifestLockResult.txt",
			);
			runOnlyForDeploymentPostprocessing = 0;
			shellPath = /bin/sh;
			shellScript = "diff \"${PODS_PODFILE_DIR_PATH}/Podfile.lock\" \"${PODS_ROOT}/Manifest.lock\" > /dev/null\nif [ $? != 0 ] ; then\n    # print error to STDERR\n    echo \"error: The sandbox is not in sync with the Podfile.lock. Run 'pod install' or update your CocoaPods installation.\" >&2\n    exit 1\nfi\n# This output is used by Xcode 'outputs' to avoid re-running this script phase.\necho \"SUCCESS\" > \"${SCRIPT_OUTPUT_FILE_0}\"\n";
			showEnvVarsInLog = 0;
		};
		B773561CEE5675D2CC7F6DAC /* [CP] Embed Pods Frameworks */ = {
			isa = PBXShellScriptBuildPhase;
			buildActionMask = 2147483647;
			files = (
			);
			inputFileListPaths = (
				"${PODS_ROOT}/Target Support Files/Pods-EDYOU/Pods-EDYOU-frameworks-${CONFIGURATION}-input-files.xcfilelist",
			);
			name = "[CP] Embed Pods Frameworks";
			outputFileListPaths = (
				"${PODS_ROOT}/Target Support Files/Pods-EDYOU/Pods-EDYOU-frameworks-${CONFIGURATION}-output-files.xcfilelist",
			);
			runOnlyForDeploymentPostprocessing = 0;
			shellPath = /bin/sh;
			shellScript = "\"${PODS_ROOT}/Target Support Files/Pods-EDYOU/Pods-EDYOU-frameworks.sh\"\n";
			showEnvVarsInLog = 0;
		};
		C71A19047BAE379C5E65791F /* [CP] Copy Pods Resources */ = {
			isa = PBXShellScriptBuildPhase;
			buildActionMask = 2147483647;
			files = (
			);
			inputFileListPaths = (
				"${PODS_ROOT}/Target Support Files/Pods-EDYOU/Pods-EDYOU-resources-${CONFIGURATION}-input-files.xcfilelist",
			);
			name = "[CP] Copy Pods Resources";
			outputFileListPaths = (
				"${PODS_ROOT}/Target Support Files/Pods-EDYOU/Pods-EDYOU-resources-${CONFIGURATION}-output-files.xcfilelist",
			);
			runOnlyForDeploymentPostprocessing = 0;
			shellPath = /bin/sh;
			shellScript = "\"${PODS_ROOT}/Target Support Files/Pods-EDYOU/Pods-EDYOU-resources.sh\"\n";
			showEnvVarsInLog = 0;
		};
/* End PBXShellScriptBuildPhase section */

/* Begin PBXSourcesBuildPhase section */
		59A8C1112B9B3A5F009DAEBF /* Sources */ = {
			isa = PBXSourcesBuildPhase;
			buildActionMask = 2147483647;
			files = (
				59280ECA2BA170D3009B7721 /* UIlabel.swift in Sources */,
				59280EC92BA170D3009B7721 /* CodableExtension.swift in Sources */,
				59A8C1192B9B3A5F009DAEBF /* AppDelegate.swift in Sources */,
				59280EA72B9F3178009B7721 /* BaseController.swift in Sources */,
				59280ED12BA1864E009B7721 /* LoginRouter.swift in Sources */,
				59280ECF2BA1715D009B7721 /* Validations.swift in Sources */,
				59280EB62BA16B29009B7721 /* BorderedTextField.swift in Sources */,
				59280EE32BA19642009B7721 /* onBoardingPresenter.swift in Sources */,
				59280EC52BA170D3009B7721 /* ViewExtns.swift in Sources */,
				59280EE12BA1962E009B7721 /* OnboardingRouter.swift in Sources */,
				59280ED32BA186A8009B7721 /* LoginInteractor.swift in Sources */,
				59280EDE2BA193B1009B7721 /* OnboardingViewController.swift in Sources */,
				59280ED52BA1872C009B7721 /* LoginPresenter.swift in Sources */,
				59280EB42BA16B29009B7721 /* EdyouSegmentControl.swift in Sources */,
				59280EC82BA170D3009B7721 /* ColorExnts.swift in Sources */,
				59280EE52BA19652009B7721 /* onBoardingInteractor.swift in Sources */,
				59280EC72BA170D3009B7721 /* ViewControllerExtns.swift in Sources */,
				59280EB52BA16B29009B7721 /* CircularProgressView.swift in Sources */,
				59280EBB2BA16B29009B7721 /* VariableCornerRadiusView.swift in Sources */,
				59280EA32B9F310A009B7721 /* LoginController.swift in Sources */,
				59280EC62BA170D3009B7721 /* StringExnts.swift in Sources */,
				59280EBA2BA16B29009B7721 /* GradientView.swift in Sources */,
				59280ECB2BA170D3009B7721 /* URLExtns.swift in Sources */,
				59280EB72BA16B29009B7721 /* PinCodeTextField.swift in Sources */,
				59280ECC2BA170D3009B7721 /* NSDictionaryExt.swift in Sources */,
			);
			runOnlyForDeploymentPostprocessing = 0;
		};
/* End PBXSourcesBuildPhase section */

/* Begin PBXVariantGroup section */
		59A8C11E2B9B3A5F009DAEBF /* Main.storyboard */ = {
			isa = PBXVariantGroup;
			children = (
				59A8C11F2B9B3A5F009DAEBF /* Base */,
			);
			name = Main.storyboard;
			sourceTree = "<group>";
		};
		59A8C1232B9B3A60009DAEBF /* LaunchScreen.storyboard */ = {
			isa = PBXVariantGroup;
			children = (
				59A8C1242B9B3A60009DAEBF /* Base */,
			);
			name = LaunchScreen.storyboard;
			sourceTree = "<group>";
		};
/* End PBXVariantGroup section */

/* Begin XCBuildConfiguration section */
		59A8C1272B9B3A60009DAEBF /* Debug */ = {
			isa = XCBuildConfiguration;
			buildSettings = {
				ALWAYS_SEARCH_USER_PATHS = NO;
				CLANG_ANALYZER_NONNULL = YES;
				CLANG_ANALYZER_NUMBER_OBJECT_CONVERSION = YES_AGGRESSIVE;
				CLANG_CXX_LANGUAGE_STANDARD = "gnu++20";
				CLANG_ENABLE_MODULES = YES;
				CLANG_ENABLE_OBJC_ARC = YES;
				CLANG_ENABLE_OBJC_WEAK = YES;
				CLANG_WARN_BLOCK_CAPTURE_AUTORELEASING = YES;
				CLANG_WARN_BOOL_CONVERSION = YES;
				CLANG_WARN_COMMA = YES;
				CLANG_WARN_CONSTANT_CONVERSION = YES;
				CLANG_WARN_DEPRECATED_OBJC_IMPLEMENTATIONS = YES;
				CLANG_WARN_DIRECT_OBJC_ISA_USAGE = YES_ERROR;
				CLANG_WARN_DOCUMENTATION_COMMENTS = YES;
				CLANG_WARN_EMPTY_BODY = YES;
				CLANG_WARN_ENUM_CONVERSION = YES;
				CLANG_WARN_INFINITE_RECURSION = YES;
				CLANG_WARN_INT_CONVERSION = YES;
				CLANG_WARN_NON_LITERAL_NULL_CONVERSION = YES;
				CLANG_WARN_OBJC_IMPLICIT_RETAIN_SELF = YES;
				CLANG_WARN_OBJC_LITERAL_CONVERSION = YES;
				CLANG_WARN_OBJC_ROOT_CLASS = YES_ERROR;
				CLANG_WARN_QUOTED_INCLUDE_IN_FRAMEWORK_HEADER = YES;
				CLANG_WARN_RANGE_LOOP_ANALYSIS = YES;
				CLANG_WARN_STRICT_PROTOTYPES = YES;
				CLANG_WARN_SUSPICIOUS_MOVE = YES;
				CLANG_WARN_UNGUARDED_AVAILABILITY = YES_AGGRESSIVE;
				CLANG_WARN_UNREACHABLE_CODE = YES;
				CLANG_WARN__DUPLICATE_METHOD_MATCH = YES;
				COPY_PHASE_STRIP = NO;
				DEBUG_INFORMATION_FORMAT = dwarf;
				ENABLE_STRICT_OBJC_MSGSEND = YES;
				ENABLE_TESTABILITY = YES;
				GCC_C_LANGUAGE_STANDARD = gnu11;
				GCC_DYNAMIC_NO_PIC = NO;
				GCC_NO_COMMON_BLOCKS = YES;
				GCC_OPTIMIZATION_LEVEL = 0;
				GCC_PREPROCESSOR_DEFINITIONS = (
					"DEBUG=1",
					"$(inherited)",
				);
				GCC_WARN_64_TO_32_BIT_CONVERSION = YES;
				GCC_WARN_ABOUT_RETURN_TYPE = YES_ERROR;
				GCC_WARN_UNDECLARED_SELECTOR = YES;
				GCC_WARN_UNINITIALIZED_AUTOS = YES_AGGRESSIVE;
				GCC_WARN_UNUSED_FUNCTION = YES;
				GCC_WARN_UNUSED_VARIABLE = YES;
				IPHONEOS_DEPLOYMENT_TARGET = 16.4;
				MTL_ENABLE_DEBUG_INFO = INCLUDE_SOURCE;
				MTL_FAST_MATH = YES;
				ONLY_ACTIVE_ARCH = YES;
				SDKROOT = iphoneos;
				SWIFT_ACTIVE_COMPILATION_CONDITIONS = DEBUG;
				SWIFT_OPTIMIZATION_LEVEL = "-Onone";
			};
			name = Debug;
		};
		59A8C1282B9B3A60009DAEBF /* Release */ = {
			isa = XCBuildConfiguration;
			buildSettings = {
				ALWAYS_SEARCH_USER_PATHS = NO;
				CLANG_ANALYZER_NONNULL = YES;
				CLANG_ANALYZER_NUMBER_OBJECT_CONVERSION = YES_AGGRESSIVE;
				CLANG_CXX_LANGUAGE_STANDARD = "gnu++20";
				CLANG_ENABLE_MODULES = YES;
				CLANG_ENABLE_OBJC_ARC = YES;
				CLANG_ENABLE_OBJC_WEAK = YES;
				CLANG_WARN_BLOCK_CAPTURE_AUTORELEASING = YES;
				CLANG_WARN_BOOL_CONVERSION = YES;
				CLANG_WARN_COMMA = YES;
				CLANG_WARN_CONSTANT_CONVERSION = YES;
				CLANG_WARN_DEPRECATED_OBJC_IMPLEMENTATIONS = YES;
				CLANG_WARN_DIRECT_OBJC_ISA_USAGE = YES_ERROR;
				CLANG_WARN_DOCUMENTATION_COMMENTS = YES;
				CLANG_WARN_EMPTY_BODY = YES;
				CLANG_WARN_ENUM_CONVERSION = YES;
				CLANG_WARN_INFINITE_RECURSION = YES;
				CLANG_WARN_INT_CONVERSION = YES;
				CLANG_WARN_NON_LITERAL_NULL_CONVERSION = YES;
				CLANG_WARN_OBJC_IMPLICIT_RETAIN_SELF = YES;
				CLANG_WARN_OBJC_LITERAL_CONVERSION = YES;
				CLANG_WARN_OBJC_ROOT_CLASS = YES_ERROR;
				CLANG_WARN_QUOTED_INCLUDE_IN_FRAMEWORK_HEADER = YES;
				CLANG_WARN_RANGE_LOOP_ANALYSIS = YES;
				CLANG_WARN_STRICT_PROTOTYPES = YES;
				CLANG_WARN_SUSPICIOUS_MOVE = YES;
				CLANG_WARN_UNGUARDED_AVAILABILITY = YES_AGGRESSIVE;
				CLANG_WARN_UNREACHABLE_CODE = YES;
				CLANG_WARN__DUPLICATE_METHOD_MATCH = YES;
				COPY_PHASE_STRIP = NO;
				DEBUG_INFORMATION_FORMAT = "dwarf-with-dsym";
				ENABLE_NS_ASSERTIONS = NO;
				ENABLE_STRICT_OBJC_MSGSEND = YES;
				GCC_C_LANGUAGE_STANDARD = gnu11;
				GCC_NO_COMMON_BLOCKS = YES;
				GCC_WARN_64_TO_32_BIT_CONVERSION = YES;
				GCC_WARN_ABOUT_RETURN_TYPE = YES_ERROR;
				GCC_WARN_UNDECLARED_SELECTOR = YES;
				GCC_WARN_UNINITIALIZED_AUTOS = YES_AGGRESSIVE;
				GCC_WARN_UNUSED_FUNCTION = YES;
				GCC_WARN_UNUSED_VARIABLE = YES;
				IPHONEOS_DEPLOYMENT_TARGET = 16.4;
				MTL_ENABLE_DEBUG_INFO = NO;
				MTL_FAST_MATH = YES;
				SDKROOT = iphoneos;
				SWIFT_COMPILATION_MODE = wholemodule;
				SWIFT_OPTIMIZATION_LEVEL = "-O";
				VALIDATE_PRODUCT = YES;
			};
			name = Release;
		};
		59A8C12A2B9B3A60009DAEBF /* Debug */ = {
			isa = XCBuildConfiguration;
			baseConfigurationReference = B0900FEB27ECF7216C75C578 /* Pods-EDYOU.debug.xcconfig */;
			buildSettings = {
				ASSETCATALOG_COMPILER_APPICON_NAME = AppIcon;
				ASSETCATALOG_COMPILER_GLOBAL_ACCENT_COLOR_NAME = AccentColor;
				CODE_SIGN_STYLE = Automatic;
				CURRENT_PROJECT_VERSION = 1;
				DEVELOPMENT_TEAM = 867FJL8A27;
				GENERATE_INFOPLIST_FILE = YES;
				INFOPLIST_FILE = EDYOU/SupportingFiles/Info.plist;
				INFOPLIST_KEY_UIApplicationSupportsIndirectInputEvents = YES;
				INFOPLIST_KEY_UILaunchStoryboardName = LaunchScreen;
				INFOPLIST_KEY_UIMainStoryboardFile = Main;
				INFOPLIST_KEY_UISupportedInterfaceOrientations = UIInterfaceOrientationPortrait;
				INFOPLIST_KEY_UISupportedInterfaceOrientations_iPad = "UIInterfaceOrientationLandscapeLeft UIInterfaceOrientationLandscapeRight UIInterfaceOrientationPortrait UIInterfaceOrientationPortraitUpsideDown";
				LD_RUNPATH_SEARCH_PATHS = (
					"$(inherited)",
					"@executable_path/Frameworks",
				);
				MARKETING_VERSION = 1.0;
				PRODUCT_BUNDLE_IDENTIFIER = nabeel.EDYOU;
				PRODUCT_NAME = "$(TARGET_NAME)";
				SUPPORTED_PLATFORMS = "iphoneos iphonesimulator";
				SUPPORTS_MACCATALYST = NO;
				SUPPORTS_MAC_DESIGNED_FOR_IPHONE_IPAD = NO;
				SUPPORTS_XR_DESIGNED_FOR_IPHONE_IPAD = NO;
				SWIFT_EMIT_LOC_STRINGS = YES;
				SWIFT_VERSION = 5.0;
				TARGETED_DEVICE_FAMILY = 1;
			};
			name = Debug;
		};
		59A8C12B2B9B3A60009DAEBF /* Release */ = {
			isa = XCBuildConfiguration;
			baseConfigurationReference = C30C9CF05E0B8AAA9CC2F64C /* Pods-EDYOU.release.xcconfig */;
			buildSettings = {
				ASSETCATALOG_COMPILER_APPICON_NAME = AppIcon;
				ASSETCATALOG_COMPILER_GLOBAL_ACCENT_COLOR_NAME = AccentColor;
				CODE_SIGN_STYLE = Automatic;
				CURRENT_PROJECT_VERSION = 1;
				DEVELOPMENT_TEAM = 867FJL8A27;
				GENERATE_INFOPLIST_FILE = YES;
				INFOPLIST_FILE = EDYOU/SupportingFiles/Info.plist;
				INFOPLIST_KEY_UIApplicationSupportsIndirectInputEvents = YES;
				INFOPLIST_KEY_UILaunchStoryboardName = LaunchScreen;
				INFOPLIST_KEY_UIMainStoryboardFile = Main;
				INFOPLIST_KEY_UISupportedInterfaceOrientations = UIInterfaceOrientationPortrait;
				INFOPLIST_KEY_UISupportedInterfaceOrientations_iPad = "UIInterfaceOrientationLandscapeLeft UIInterfaceOrientationLandscapeRight UIInterfaceOrientationPortrait UIInterfaceOrientationPortraitUpsideDown";
				LD_RUNPATH_SEARCH_PATHS = (
					"$(inherited)",
					"@executable_path/Frameworks",
				);
				MARKETING_VERSION = 1.0;
				PRODUCT_BUNDLE_IDENTIFIER = nabeel.EDYOU;
				PRODUCT_NAME = "$(TARGET_NAME)";
				SUPPORTED_PLATFORMS = "iphoneos iphonesimulator";
				SUPPORTS_MACCATALYST = NO;
				SUPPORTS_MAC_DESIGNED_FOR_IPHONE_IPAD = NO;
				SUPPORTS_XR_DESIGNED_FOR_IPHONE_IPAD = NO;
				SWIFT_EMIT_LOC_STRINGS = YES;
				SWIFT_VERSION = 5.0;
				TARGETED_DEVICE_FAMILY = 1;
			};
			name = Release;
		};
/* End XCBuildConfiguration section */

/* Begin XCConfigurationList section */
		59A8C1102B9B3A5F009DAEBF /* Build configuration list for PBXProject "EDYOU" */ = {
			isa = XCConfigurationList;
			buildConfigurations = (
				59A8C1272B9B3A60009DAEBF /* Debug */,
				59A8C1282B9B3A60009DAEBF /* Release */,
			);
			defaultConfigurationIsVisible = 0;
			defaultConfigurationName = Release;
		};
		59A8C1292B9B3A60009DAEBF /* Build configuration list for PBXNativeTarget "EDYOU" */ = {
			isa = XCConfigurationList;
			buildConfigurations = (
				59A8C12A2B9B3A60009DAEBF /* Debug */,
				59A8C12B2B9B3A60009DAEBF /* Release */,
			);
			defaultConfigurationIsVisible = 0;
			defaultConfigurationName = Release;
		};
/* End XCConfigurationList section */
	};
	rootObject = 59A8C10D2B9B3A5F009DAEBF /* Project object */;
}
